# This file is automatically @generated by Cargo.
# It is not intended for manual editing.
version = 3

[[package]]
name = "arbitrary"
version = "1.1.0"
source = "registry+https://github.com/rust-lang/crates.io-index"
checksum = "c38b6b6b79f671c25e1a3e785b7b82d7562ffc9cd3efdc98627e5668a2472490"

[[package]]
name = "autocfg"
version = "1.1.0"
source = "registry+https://github.com/rust-lang/crates.io-index"
checksum = "d468802bab17cbc0cc575e9b053f41e72aa36bfa6b7f55e3529ffa43161b97fa"

[[package]]
name = "bitflags"
version = "2.4.0"
source = "registry+https://github.com/rust-lang/crates.io-index"
checksum = "b4682ae6287fcf752ecaabbfcc7b6f9b72aa33933dc23a554d853aea8eea8635"

[[package]]
name = "cc"
version = "1.0.73"
source = "registry+https://github.com/rust-lang/crates.io-index"
checksum = "2fff2a6927b3bb87f9595d67196a70493f627687a71d87a0d692242c33f58c11"

[[package]]
name = "cfg-if"
version = "1.0.0"
source = "registry+https://github.com/rust-lang/crates.io-index"
checksum = "baf1de4339761588bc0619e3cbc0120ee582ebb74b53b4efbf79117bd2da40fd"

[[package]]
name = "debugid"
version = "0.8.0"
source = "registry+https://github.com/rust-lang/crates.io-index"
checksum = "bef552e6f588e446098f6ba40d89ac146c8c7b64aade83c051ee00bb5d2bc18d"
dependencies = [
 "uuid",
]

[[package]]
name = "deranged"
version = "0.3.11"
source = "registry+https://github.com/rust-lang/crates.io-index"
checksum = "b42b6fa04a440b495c8b04d0e71b707c585f83cb9cb28cf8cd0d976c315e31b4"
dependencies = [
 "powerfmt",
]

[[package]]
name = "encoding_rs"
version = "0.8.32"
source = "registry+https://github.com/rust-lang/crates.io-index"
checksum = "071a31f4ee85403370b58aca746f01041ede6f0da2730960ad001edc2b71b394"
dependencies = [
 "cfg-if",
]

[[package]]
name = "hex"
version = "0.4.3"
source = "registry+https://github.com/rust-lang/crates.io-index"
checksum = "7f24254aa9a54b5c858eaee2f5bccdb46aaf0e486a595ed5fd8f86ba55232a70"

[[package]]
name = "itoa"
version = "1.0.2"
source = "registry+https://github.com/rust-lang/crates.io-index"
checksum = "112c678d4050afce233f4f2852bb2eb519230b3cf12f33585275537d7e41578d"

[[package]]
name = "libc"
version = "0.2.153"
source = "registry+https://github.com/rust-lang/crates.io-index"
checksum = "9c198f91728a82281a64e1f4f9eeb25d82cb32a5de251c6bd1b5154d63a8e7bd"

[[package]]
name = "libfuzzer-sys"
version = "0.4.3"
source = "registry+https://github.com/rust-lang/crates.io-index"
checksum = "336244aaeab6a12df46480dc585802aa743a72d66b11937844c61bbca84c991d"
dependencies = [
 "arbitrary",
 "cc",
 "once_cell",
]

[[package]]
name = "log"
version = "0.4.17"
source = "registry+https://github.com/rust-lang/crates.io-index"
checksum = "abb12e687cfb44aa40f41fc3978ef76448f9b6038cad6aef4259d3c095a2382e"
dependencies = [
 "cfg-if",
]

[[package]]
name = "memmap2"
version = "0.9.4"
source = "registry+https://github.com/rust-lang/crates.io-index"
checksum = "fe751422e4a8caa417e13c3ea66452215d7d63e19e604f4980461212f3ae1322"
dependencies = [
 "libc",
]

[[package]]
name = "minidump"
version = "0.21.1"
dependencies = [
 "debugid",
 "encoding_rs",
 "memmap2",
 "minidump-common",
 "num-traits",
 "procfs-core",
 "range-map",
 "scroll",
 "thiserror",
 "time",
 "tracing",
 "uuid",
]

[[package]]
name = "minidump-common"
version = "0.21.1"
dependencies = [
 "bitflags",
 "debugid",
 "num-derive",
 "num-traits",
 "range-map",
 "scroll",
 "smart-default",
]

[[package]]
name = "minidump-fuzz"
version = "0.18.0"
dependencies = [
 "libfuzzer-sys",
 "minidump",
]

[[package]]
name = "num-conv"
version = "0.1.0"
source = "registry+https://github.com/rust-lang/crates.io-index"
checksum = "51d515d32fb182ee37cda2ccdcb92950d6a3c2893aa280e540671c2cd0f3b1d9"

[[package]]
name = "num-derive"
version = "0.4.2"
source = "registry+https://github.com/rust-lang/crates.io-index"
checksum = "ed3955f1a9c7c0c15e092f9c887db08b1fc683305fdf6eb6684f22555355e202"
dependencies = [
 "proc-macro2",
 "quote",
 "syn",
]

[[package]]
name = "num-traits"
version = "0.2.18"
source = "registry+https://github.com/rust-lang/crates.io-index"
checksum = "da0df0e5185db44f69b44f26786fe401b6c293d1907744beaa7fa62b2e5a517a"
dependencies = [
 "autocfg",
]

[[package]]
name = "once_cell"
version = "1.13.0"
source = "registry+https://github.com/rust-lang/crates.io-index"
checksum = "18a6dbe30758c9f83eb00cbea4ac95966305f5a7772f3f42ebfc7fc7eddbd8e1"

[[package]]
name = "pin-project-lite"
version = "0.2.9"
source = "registry+https://github.com/rust-lang/crates.io-index"
checksum = "e0a7ae3ac2f1173085d398531c705756c94a4c56843785df85a60c1a0afac116"

[[package]]
name = "powerfmt"
version = "0.2.0"
source = "registry+https://github.com/rust-lang/crates.io-index"
checksum = "439ee305def115ba05938db6eb1644ff94165c5ab5e9420d1c1bcedbba909391"

[[package]]
name = "proc-macro2"
version = "1.0.78"
source = "registry+https://github.com/rust-lang/crates.io-index"
checksum = "e2422ad645d89c99f8f3e6b88a9fdeca7fabeac836b1002371c4367c8f984aae"
dependencies = [
 "unicode-ident",
]

[[package]]
name = "procfs-core"
version = "0.16.0"
source = "registry+https://github.com/rust-lang/crates.io-index"
checksum = "2d3554923a69f4ce04c4a754260c338f505ce22642d3830e049a399fc2059a29"
dependencies = [
 "bitflags",
 "hex",
]

[[package]]
name = "quote"
version = "1.0.35"
source = "registry+https://github.com/rust-lang/crates.io-index"
checksum = "291ec9ab5efd934aaf503a6466c5d5251535d108ee747472c3977cc5acc868ef"
dependencies = [
 "proc-macro2",
]

[[package]]
name = "range-map"
version = "0.2.0"
source = "registry+https://github.com/rust-lang/crates.io-index"
checksum = "12a5a2d6c7039059af621472a4389be1215a816df61aa4d531cfe85264aee95f"
dependencies = [
 "num-traits",
]

[[package]]
name = "scroll"
version = "0.12.0"
source = "registry+https://github.com/rust-lang/crates.io-index"
checksum = "6ab8598aa408498679922eff7fa985c25d58a90771bd6be794434c5277eab1a6"
dependencies = [
 "scroll_derive",
]

[[package]]
name = "scroll_derive"
version = "0.12.0"
source = "registry+https://github.com/rust-lang/crates.io-index"
checksum = "7f81c2fde025af7e69b1d1420531c8a8811ca898919db177141a85313b1cb932"
dependencies = [
 "proc-macro2",
 "quote",
 "syn",
]

[[package]]
name = "serde"
version = "1.0.197"
source = "registry+https://github.com/rust-lang/crates.io-index"
checksum = "3fb1c873e1b9b056a4dc4c0c198b24c3ffa059243875552b2bd0933b1aee4ce2"
dependencies = [
 "serde_derive",
]

[[package]]
name = "serde_derive"
version = "1.0.197"
source = "registry+https://github.com/rust-lang/crates.io-index"
checksum = "7eb0b34b42edc17f6b7cac84a52a1c5f0e1bb2227e997ca9011ea3dd34e8610b"
dependencies = [
 "proc-macro2",
 "quote",
 "syn",
]

[[package]]
name = "smart-default"
version = "0.7.1"
source = "registry+https://github.com/rust-lang/crates.io-index"
checksum = "0eb01866308440fc64d6c44d9e86c5cc17adfe33c4d6eed55da9145044d0ffc1"
dependencies = [
 "proc-macro2",
 "quote",
 "syn",
]

[[package]]
name = "syn"
version = "2.0.51"
source = "registry+https://github.com/rust-lang/crates.io-index"
checksum = "6ab617d94515e94ae53b8406c628598680aa0c9587474ecbe58188f7b345d66c"
dependencies = [
 "proc-macro2",
 "quote",
 "unicode-ident",
]

[[package]]
name = "thiserror"
version = "1.0.40"
source = "registry+https://github.com/rust-lang/crates.io-index"
checksum = "978c9a314bd8dc99be594bc3c175faaa9794be04a5a5e153caba6915336cebac"
dependencies = [
 "thiserror-impl",
]

[[package]]
name = "thiserror-impl"
version = "1.0.40"
source = "registry+https://github.com/rust-lang/crates.io-index"
checksum = "f9456a42c5b0d803c8cd86e73dd7cc9edd429499f37a3550d286d5e86720569f"
dependencies = [
 "proc-macro2",
 "quote",
 "syn",
]

[[package]]
name = "time"
version = "0.3.36"
source = "registry+https://github.com/rust-lang/crates.io-index"
checksum = "5dfd88e563464686c916c7e46e623e520ddc6d79fa6641390f2e3fa86e83e885"
dependencies = [
 "deranged",
 "itoa",
 "num-conv",
 "powerfmt",
 "serde",
 "time-core",
 "time-macros",
]

[[package]]
name = "time-core"
version = "0.1.2"
source = "registry+https://github.com/rust-lang/crates.io-index"
checksum = "ef927ca75afb808a4d64dd374f00a2adf8d0fcff8e7b184af886c3c87ec4a3f3"

[[package]]
name = "time-macros"
version = "0.2.18"
source = "registry+https://github.com/rust-lang/crates.io-index"
checksum = "3f252a68540fde3a3877aeea552b832b40ab9a69e318efd078774a01ddee1ccf"
dependencies = [
 "num-conv",
 "time-core",
]

[[package]]
name = "tracing"
version = "0.1.35"
source = "registry+https://github.com/rust-lang/crates.io-index"
checksum = "a400e31aa60b9d44a52a8ee0343b5b18566b03a8321e0d321f695cf56e940160"
dependencies = [
 "cfg-if",
 "log",
 "pin-project-lite",
 "tracing-attributes",
 "tracing-core",
]

[[package]]
name = "tracing-attributes"
version = "0.1.26"
source = "registry+https://github.com/rust-lang/crates.io-index"
checksum = "5f4f31f56159e98206da9efd823404b79b6ef3143b4a7ab76e67b1751b25a4ab"
dependencies = [
 "proc-macro2",
 "quote",
 "syn",
]

[[package]]
name = "tracing-core"
version = "0.1.28"
source = "registry+https://github.com/rust-lang/crates.io-index"
checksum = "7b7358be39f2f274f322d2aaed611acc57f382e8eb1e5b48cb9ae30933495ce7"
dependencies = [
 "once_cell",
]

[[package]]
name = "unicode-ident"
version = "1.0.0"
source = "registry+https://github.com/rust-lang/crates.io-index"
checksum = "d22af068fba1eb5edcb4aea19d382b2a3deb4c8f9d475c589b6ada9e0fd493ee"

[[package]]
name = "uuid"
version = "1.0.0"
source = "registry+https://github.com/rust-lang/crates.io-index"
checksum = "8cfcd319456c4d6ea10087ed423473267e1a071f3bc0aa89f80d60997843c6f0"
